<?xml version="1.0" encoding="utf-8"?>
<Project ToolsVersion="4.0" xmlns="http://schemas.microsoft.com/developer/msbuild/2003">
  <ItemGroup>
    <Filter Include="Source Files">
      <UniqueIdentifier>{32227B88-C785-46FD-A8BF-670015E83623}</UniqueIdentifier>
      <Extensions>cpp;c;cc;cxx</Extensions>
    </Filter>
    <Filter Include="Header Files">
      <UniqueIdentifier>{A8C77838-6B7C-4E22-A646-3E5E2F5E2FD2}</UniqueIdentifier>
      <Extensions>h;hpp;hxx</Extensions>
    </Filter>
    <Filter Include="Tests">
      <UniqueIdentifier>{6E112B28-A227-4680-9763-D432AD9C6E3D}</UniqueIdentifier>
      <Extensions>cpp;c;cc;cxx</Extensions>
    </Filter>
  </ItemGroup>
  <ItemGroup>
    <ClCompile Include="src\DocumentBuffer.cpp">
      <Filter>Source Files</Filter>
    </ClCompile>
    <ClCompile Include="src\LineIndex.cpp">
      <Filter>Source Files</Filter>
    </ClCompile>
    <ClCompile Include="src\MappedTextDocument.cpp">
      <Filter>Source Files</Filter>
    </ClCompile>
    <ClCompile Include="src\RecoveryJournal.cpp">
      <Filter>Source Files</Filter>
    </ClCompile>
    <ClCompile Include="tests\DocumentBufferTests.cpp">
      <Filter>Tests</Filter>
    </ClCompile>
    <ClCompile Include="tests\LineIndexTests.cpp">
      <Filter>Tests</Filter>
    </ClCompile>
    <ClCompile Include="tests\MappedTextDocumentTests.cpp">
      <Filter>Tests</Filter>
    </ClCompile>
    <ClCompile Include="tests\RecoveryJournalTests.cpp">
      <Filter>Tests</Filter>
    </ClCompile>
  </ItemGroup>
  <ItemGroup>
    <ClInclude Include="src\DocumentBuffer.h">
      <Filter>Header Files</Filter>
    </ClInclude>
    <ClInclude Include="src\LineIndex.h">
      <Filter>Header Files</Filter>
    </ClInclude>
    <ClInclude Include="src\MappedTextDocument.h">
      <Filter>Header Files</Filter>
    </ClInclude>
    <ClInclude Include="src\RecoveryJournal.h">
      <Filter>Header Files</Filter>
    </ClInclude>
  </ItemGroup>
</Project>
